
Microsoft Visual Studio Solution File, Format Version 12.00
# Visual Studio Version 16
VisualStudioVersion = 16.6.30114.105
MinimumVisualStudioVersion = 10.0.40219.1
Project("{2150E333-8FDC-42A3-9474-1A3956D46DE8}") = "src", "src", "{4190514E-D723-42D9-838F-BE792837A049}"
EndProject
Project("{2150E333-8FDC-42A3-9474-1A3956D46DE8}") = "APIGateway", "APIGateway", "{0297AA78-AD6E-4312-9B1C-D2C38514AAD3}"
EndProject
Project("{9A19103F-16F7-4668-BE54-9A1E7A4F7556}") = "Service.APIGateway", "src\APIGateway\Service.APIGateway\Service.APIGateway.csproj", "{64A56501-6CF3-45AD-B87B-F899681D45D1}"
EndProject
Project("{2150E333-8FDC-42A3-9474-1A3956D46DE8}") = "Calculo", "Calculo", "{58E2F426-FFEC-4E42-96DE-F08DD0ED045C}"
EndProject
Project("{9A19103F-16F7-4668-BE54-9A1E7A4F7556}") = "CalculoFolhaDePagamento.Api", "src\Calculo\CalculoFolhaDePagamento.Api\CalculoFolhaDePagamento.Api.csproj", "{45F40563-B4A8-4B0B-BE33-7B8ECB580035}"
EndProject
Project("{9A19103F-16F7-4668-BE54-9A1E7A4F7556}") = "CalculoFolhaDePagamento.Domain", "src\Calculo\CalculoFolhaDePagamento.Domain\CalculoFolhaDePagamento.Domain.csproj", "{4E7D088F-3138-45BE-BBD1-45A53239C8F8}"
EndProject
Project("{9A19103F-16F7-4668-BE54-9A1E7A4F7556}") = "CalculoFolhaDePagamento.Infra.CrossCutting.IoC", "src\Calculo\CalculoFolhaDePagamento.Infra.CrossCutting.IoC\CalculoFolhaDePagamento.Infra.CrossCutting.IoC.csproj", "{C1B62697-CC5B-4CFF-840C-B5099F8C887F}"
EndProject
Project("{9A19103F-16F7-4668-BE54-9A1E7A4F7556}") = "CalculoFolhaDePagamento.Infra.Data", "src\Calculo\CalculoFolhaDePagamento.Infra.Data\CalculoFolhaDePagamento.Infra.Data.csproj", "{D6A4459D-A1C6-4767-8DCE-D7CD0DF24799}"
EndProject
Project("{2150E333-8FDC-42A3-9474-1A3956D46DE8}") = "test", "test", "{CB7BADA8-AC8A-4573-AD49-58F352BC561B}"
EndProject
Project("{2150E333-8FDC-42A3-9474-1A3956D46DE8}") = "Identity", "Identity", "{04C78096-BABF-42E0-BEE4-4E5C23FD441D}"
EndProject
Project("{9A19103F-16F7-4668-BE54-9A1E7A4F7556}") = "Infra.Identity", "src\Identity\Infra.Identity\Infra.Identity.csproj", "{6BE9C16F-8988-4E70-ABD8-954BF85F4A0C}"
EndProject
Project("{9A19103F-16F7-4668-BE54-9A1E7A4F7556}") = "Infra.CrossCutting.Identity", "src\Identity\Infra.CrossCutting.Identity\Infra.CrossCutting.Identity.csproj", "{6474DC1F-1EA9-4ABB-B55D-B7679B4FB483}"
EndProject
Project("{2150E333-8FDC-42A3-9474-1A3956D46DE8}") = "Infra", "Infra", "{BD74E6A6-D9FE-419D-AE18-D320C9424F73}"
EndProject
Project("{9A19103F-16F7-4668-BE54-9A1E7A4F7556}") = "Domain.SharedKernel", "src\Infra\Domain.SharedKernel\Domain.SharedKernel.csproj", "{0CF3FBDA-7502-4CEC-9FCC-5F21136DFF53}"
EndProject
Project("{9A19103F-16F7-4668-BE54-9A1E7A4F7556}") = "Infra.CrossCutting.Bus", "src\Infra\Infra.CrossCutting.Bus\Infra.CrossCutting.Bus.csproj", "{8D079283-ED24-4D9E-A329-0DC1DC6ED963}"
EndProject
Project("{9A19103F-16F7-4668-BE54-9A1E7A4F7556}") = "Infra.CrossCutting.Configuration", "src\Infra\Infra.CrossCutting.Configuration\Infra.CrossCutting.Configuration.csproj", "{4819F3DA-F77E-4637-B731-E227DC7ABCC5}"
EndProject
Project("{9A19103F-16F7-4668-BE54-9A1E7A4F7556}") = "Infra.CrossCutting.EventBusRabbitMQ", "src\Infra\Infra.CrossCutting.EventBusRabbitMQ\Infra.CrossCutting.EventBusRabbitMQ.csproj", "{0CA06B8D-1F8A-43AC-8D84-9EC1396DCBE9}"
EndProject
Project("{9A19103F-16F7-4668-BE54-9A1E7A4F7556}") = "Infra.CrossCutting.Redis", "src\Infra\Infra.Redis\Infra.CrossCutting.Redis.csproj", "{305C76A5-0E32-4069-A448-76005FE6CCA0}"
EndProject
Project("{2150E333-8FDC-42A3-9474-1A3956D46DE8}") = "test", "test", "{7D23584D-6FD7-43B7-89C3-80822A77F6AA}"
EndProject
Project("{9A19103F-16F7-4668-BE54-9A1E7A4F7556}") = "Domain.SharedKernel.Test", "src\Infra\test\Domain.SharedKernel.Test\Domain.SharedKernel.Test.csproj", "{A4B2121A-CA64-4DCB-8BB8-48E374B8531B}"
EndProject
Project("{2150E333-8FDC-42A3-9474-1A3956D46DE8}") = "RH", "RH", "{8EA63678-EFAA-40BF-A178-F6C93C8DD980}"
EndProject
Project("{9A19103F-16F7-4668-BE54-9A1E7A4F7556}") = "RH.Application", "src\RH\RH.Application\RH.Application.csproj", "{85FA425E-9706-4443-B46C-8D91C5A6A710}"
EndProject
Project("{9A19103F-16F7-4668-BE54-9A1E7A4F7556}") = "RH.Domain", "src\RH\RH.Domain\RH.Domain.csproj", "{6061D074-69B2-45BA-8B1E-2082023553B6}"
EndProject
Project("{9A19103F-16F7-4668-BE54-9A1E7A4F7556}") = "RH.Infra.CrossCutting.IoC", "src\RH\RH.Infra.CrossCutting.IoC\RH.Infra.CrossCutting.IoC.csproj", "{2840480B-E0E6-4D3C-8B8B-E96374A891DF}"
EndProject
Project("{9A19103F-16F7-4668-BE54-9A1E7A4F7556}") = "RH.Infra.Data", "src\RH\RH.Infra.Data\RH.Infra.Data.csproj", "{0A402FFD-DE08-4BF6-AA53-8271D04F4CE4}"
EndProject
Project("{9A19103F-16F7-4668-BE54-9A1E7A4F7556}") = "RH.infra.Data.EventSource", "src\RH\RH.infra.Data.EventSource\RH.infra.Data.EventSource.csproj", "{641A1150-B185-4F65-A9A6-1B03CB7A416C}"
EndProject
Project("{9A19103F-16F7-4668-BE54-9A1E7A4F7556}") = "RH.Query", "src\RH\RH.Query.Api\RH.Query.csproj", "{246449BA-756B-416C-8FB8-840AAAB552A8}"
EndProject
Project("{9A19103F-16F7-4668-BE54-9A1E7A4F7556}") = "RH.Service.Api", "src\RH\RH.Service.Api\RH.Service.Api.csproj", "{C31EC588-342D-4666-B718-122A1EA1B3CC}"
EndProject
Project("{2150E333-8FDC-42A3-9474-1A3956D46DE8}") = "test", "test", "{0D018579-F91D-4F1A-BD95-D9A5C595E456}"
EndProject
Project("{9A19103F-16F7-4668-BE54-9A1E7A4F7556}") = "RH.API.Integration.Test", "src\RH\test\RH.API.Integration.Test\RH.API.Integration.Test.csproj", "{04B8FC8D-A38B-4F44-9A61-F45BD2EB0F5D}"
EndProject
Project("{9A19103F-16F7-4668-BE54-9A1E7A4F7556}") = "RH.Domain.Test", "src\RH\test\RH.Domain.Test\RH.Domain.Test.csproj", "{30EDDF21-3A30-4ED0-AE09-48E2BB746DF5}"
EndProject
Project("{9A19103F-16F7-4668-BE54-9A1E7A4F7556}") = "RH.Infra.Data.Test", "src\RH\test\RH.Infra.Data.Test\RH.Infra.Data.Test.csproj", "{40B2F979-4EE6-4F3C-A021-CD4627F8F0E4}"
EndProject
Project("{9A19103F-16F7-4668-BE54-9A1E7A4F7556}") = "CalculoFolhaDePagamento.Test", "src\Calculo\test\CalculoFolhaDePagamento.Test\CalculoFolhaDePagamento.Test.csproj", "{12FE7E01-95C2-4ED9-B8DB-4CE327AE91EB}"
EndProject
Global
	GlobalSection(SolutionConfigurationPlatforms) = preSolution
		Debug|Any CPU = Debug|Any CPU
		Debug|x64 = Debug|x64
		Debug|x86 = Debug|x86
		Release|Any CPU = Release|Any CPU
		Release|x64 = Release|x64
		Release|x86 = Release|x86
	EndGlobalSection
	GlobalSection(ProjectConfigurationPlatforms) = postSolution
		{64A56501-6CF3-45AD-B87B-F899681D45D1}.Debug|Any CPU.ActiveCfg = Debug|Any CPU
		{64A56501-6CF3-45AD-B87B-F899681D45D1}.Debug|Any CPU.Build.0 = Debug|Any CPU
		{64A56501-6CF3-45AD-B87B-F899681D45D1}.Debug|x64.ActiveCfg = Debug|Any CPU
		{64A56501-6CF3-45AD-B87B-F899681D45D1}.Debug|x64.Build.0 = Debug|Any CPU
		{64A56501-6CF3-45AD-B87B-F899681D45D1}.Debug|x86.ActiveCfg = Debug|Any CPU
		{64A56501-6CF3-45AD-B87B-F899681D45D1}.Debug|x86.Build.0 = Debug|Any CPU
		{64A56501-6CF3-45AD-B87B-F899681D45D1}.Release|Any CPU.ActiveCfg = Release|Any CPU
		{64A56501-6CF3-45AD-B87B-F899681D45D1}.Release|Any CPU.Build.0 = Release|Any CPU
		{64A56501-6CF3-45AD-B87B-F899681D45D1}.Release|x64.ActiveCfg = Release|Any CPU
		{64A56501-6CF3-45AD-B87B-F899681D45D1}.Release|x64.Build.0 = Release|Any CPU
		{64A56501-6CF3-45AD-B87B-F899681D45D1}.Release|x86.ActiveCfg = Release|Any CPU
		{64A56501-6CF3-45AD-B87B-F899681D45D1}.Release|x86.Build.0 = Release|Any CPU
		{45F40563-B4A8-4B0B-BE33-7B8ECB580035}.Debug|Any CPU.ActiveCfg = Debug|Any CPU
		{45F40563-B4A8-4B0B-BE33-7B8ECB580035}.Debug|Any CPU.Build.0 = Debug|Any CPU
		{45F40563-B4A8-4B0B-BE33-7B8ECB580035}.Debug|x64.ActiveCfg = Debug|Any CPU
		{45F40563-B4A8-4B0B-BE33-7B8ECB580035}.Debug|x64.Build.0 = Debug|Any CPU
		{45F40563-B4A8-4B0B-BE33-7B8ECB580035}.Debug|x86.ActiveCfg = Debug|Any CPU
		{45F40563-B4A8-4B0B-BE33-7B8ECB580035}.Debug|x86.Build.0 = Debug|Any CPU
		{45F40563-B4A8-4B0B-BE33-7B8ECB580035}.Release|Any CPU.ActiveCfg = Release|Any CPU
		{45F40563-B4A8-4B0B-BE33-7B8ECB580035}.Release|Any CPU.Build.0 = Release|Any CPU
		{45F40563-B4A8-4B0B-BE33-7B8ECB580035}.Release|x64.ActiveCfg = Release|Any CPU
		{45F40563-B4A8-4B0B-BE33-7B8ECB580035}.Release|x64.Build.0 = Release|Any CPU
		{45F40563-B4A8-4B0B-BE33-7B8ECB580035}.Release|x86.ActiveCfg = Release|Any CPU
		{45F40563-B4A8-4B0B-BE33-7B8ECB580035}.Release|x86.Build.0 = Release|Any CPU
		{4E7D088F-3138-45BE-BBD1-45A53239C8F8}.Debug|Any CPU.ActiveCfg = Debug|Any CPU
		{4E7D088F-3138-45BE-BBD1-45A53239C8F8}.Debug|Any CPU.Build.0 = Debug|Any CPU
		{4E7D088F-3138-45BE-BBD1-45A53239C8F8}.Debug|x64.ActiveCfg = Debug|Any CPU
		{4E7D088F-3138-45BE-BBD1-45A53239C8F8}.Debug|x64.Build.0 = Debug|Any CPU
		{4E7D088F-3138-45BE-BBD1-45A53239C8F8}.Debug|x86.ActiveCfg = Debug|Any CPU
		{4E7D088F-3138-45BE-BBD1-45A53239C8F8}.Debug|x86.Build.0 = Debug|Any CPU
		{4E7D088F-3138-45BE-BBD1-45A53239C8F8}.Release|Any CPU.ActiveCfg = Release|Any CPU
		{4E7D088F-3138-45BE-BBD1-45A53239C8F8}.Release|Any CPU.Build.0 = Release|Any CPU
		{4E7D088F-3138-45BE-BBD1-45A53239C8F8}.Release|x64.ActiveCfg = Release|Any CPU
		{4E7D088F-3138-45BE-BBD1-45A53239C8F8}.Release|x64.Build.0 = Release|Any CPU
		{4E7D088F-3138-45BE-BBD1-45A53239C8F8}.Release|x86.ActiveCfg = Release|Any CPU
		{4E7D088F-3138-45BE-BBD1-45A53239C8F8}.Release|x86.Build.0 = Release|Any CPU
		{C1B62697-CC5B-4CFF-840C-B5099F8C887F}.Debug|Any CPU.ActiveCfg = Debug|Any CPU
		{C1B62697-CC5B-4CFF-840C-B5099F8C887F}.Debug|Any CPU.Build.0 = Debug|Any CPU
		{C1B62697-CC5B-4CFF-840C-B5099F8C887F}.Debug|x64.ActiveCfg = Debug|Any CPU
		{C1B62697-CC5B-4CFF-840C-B5099F8C887F}.Debug|x64.Build.0 = Debug|Any CPU
		{C1B62697-CC5B-4CFF-840C-B5099F8C887F}.Debug|x86.ActiveCfg = Debug|Any CPU
		{C1B62697-CC5B-4CFF-840C-B5099F8C887F}.Debug|x86.Build.0 = Debug|Any CPU
		{C1B62697-CC5B-4CFF-840C-B5099F8C887F}.Release|Any CPU.ActiveCfg = Release|Any CPU
		{C1B62697-CC5B-4CFF-840C-B5099F8C887F}.Release|Any CPU.Build.0 = Release|Any CPU
		{C1B62697-CC5B-4CFF-840C-B5099F8C887F}.Release|x64.ActiveCfg = Release|Any CPU
		{C1B62697-CC5B-4CFF-840C-B5099F8C887F}.Release|x64.Build.0 = Release|Any CPU
		{C1B62697-CC5B-4CFF-840C-B5099F8C887F}.Release|x86.ActiveCfg = Release|Any CPU
		{C1B62697-CC5B-4CFF-840C-B5099F8C887F}.Release|x86.Build.0 = Release|Any CPU
		{D6A4459D-A1C6-4767-8DCE-D7CD0DF24799}.Debug|Any CPU.ActiveCfg = Debug|Any CPU
		{D6A4459D-A1C6-4767-8DCE-D7CD0DF24799}.Debug|Any CPU.Build.0 = Debug|Any CPU
		{D6A4459D-A1C6-4767-8DCE-D7CD0DF24799}.Debug|x64.ActiveCfg = Debug|Any CPU
		{D6A4459D-A1C6-4767-8DCE-D7CD0DF24799}.Debug|x64.Build.0 = Debug|Any CPU
		{D6A4459D-A1C6-4767-8DCE-D7CD0DF24799}.Debug|x86.ActiveCfg = Debug|Any CPU
		{D6A4459D-A1C6-4767-8DCE-D7CD0DF24799}.Debug|x86.Build.0 = Debug|Any CPU
		{D6A4459D-A1C6-4767-8DCE-D7CD0DF24799}.Release|Any CPU.ActiveCfg = Release|Any CPU
		{D6A4459D-A1C6-4767-8DCE-D7CD0DF24799}.Release|Any CPU.Build.0 = Release|Any CPU
		{D6A4459D-A1C6-4767-8DCE-D7CD0DF24799}.Release|x64.ActiveCfg = Release|Any CPU
		{D6A4459D-A1C6-4767-8DCE-D7CD0DF24799}.Release|x64.Build.0 = Release|Any CPU
		{D6A4459D-A1C6-4767-8DCE-D7CD0DF24799}.Release|x86.ActiveCfg = Release|Any CPU
		{D6A4459D-A1C6-4767-8DCE-D7CD0DF24799}.Release|x86.Build.0 = Release|Any CPU
		{6BE9C16F-8988-4E70-ABD8-954BF85F4A0C}.Debug|Any CPU.ActiveCfg = Debug|Any CPU
		{6BE9C16F-8988-4E70-ABD8-954BF85F4A0C}.Debug|Any CPU.Build.0 = Debug|Any CPU
		{6BE9C16F-8988-4E70-ABD8-954BF85F4A0C}.Debug|x64.ActiveCfg = Debug|Any CPU
		{6BE9C16F-8988-4E70-ABD8-954BF85F4A0C}.Debug|x64.Build.0 = Debug|Any CPU
		{6BE9C16F-8988-4E70-ABD8-954BF85F4A0C}.Debug|x86.ActiveCfg = Debug|Any CPU
		{6BE9C16F-8988-4E70-ABD8-954BF85F4A0C}.Debug|x86.Build.0 = Debug|Any CPU
		{6BE9C16F-8988-4E70-ABD8-954BF85F4A0C}.Release|Any CPU.ActiveCfg = Release|Any CPU
		{6BE9C16F-8988-4E70-ABD8-954BF85F4A0C}.Release|Any CPU.Build.0 = Release|Any CPU
		{6BE9C16F-8988-4E70-ABD8-954BF85F4A0C}.Release|x64.ActiveCfg = Release|Any CPU
		{6BE9C16F-8988-4E70-ABD8-954BF85F4A0C}.Release|x64.Build.0 = Release|Any CPU
		{6BE9C16F-8988-4E70-ABD8-954BF85F4A0C}.Release|x86.ActiveCfg = Release|Any CPU
		{6BE9C16F-8988-4E70-ABD8-954BF85F4A0C}.Release|x86.Build.0 = Release|Any CPU
		{6474DC1F-1EA9-4ABB-B55D-B7679B4FB483}.Debug|Any CPU.ActiveCfg = Debug|Any CPU
		{6474DC1F-1EA9-4ABB-B55D-B7679B4FB483}.Debug|Any CPU.Build.0 = Debug|Any CPU
		{6474DC1F-1EA9-4ABB-B55D-B7679B4FB483}.Debug|x64.ActiveCfg = Debug|Any CPU
		{6474DC1F-1EA9-4ABB-B55D-B7679B4FB483}.Debug|x64.Build.0 = Debug|Any CPU
		{6474DC1F-1EA9-4ABB-B55D-B7679B4FB483}.Debug|x86.ActiveCfg = Debug|Any CPU
		{6474DC1F-1EA9-4ABB-B55D-B7679B4FB483}.Debug|x86.Build.0 = Debug|Any CPU
		{6474DC1F-1EA9-4ABB-B55D-B7679B4FB483}.Release|Any CPU.ActiveCfg = Release|Any CPU
		{6474DC1F-1EA9-4ABB-B55D-B7679B4FB483}.Release|Any CPU.Build.0 = Release|Any CPU
		{6474DC1F-1EA9-4ABB-B55D-B7679B4FB483}.Release|x64.ActiveCfg = Release|Any CPU
		{6474DC1F-1EA9-4ABB-B55D-B7679B4FB483}.Release|x64.Build.0 = Release|Any CPU
		{6474DC1F-1EA9-4ABB-B55D-B7679B4FB483}.Release|x86.ActiveCfg = Release|Any CPU
		{6474DC1F-1EA9-4ABB-B55D-B7679B4FB483}.Release|x86.Build.0 = Release|Any CPU
		{0CF3FBDA-7502-4CEC-9FCC-5F21136DFF53}.Debug|Any CPU.ActiveCfg = Debug|Any CPU
		{0CF3FBDA-7502-4CEC-9FCC-5F21136DFF53}.Debug|Any CPU.Build.0 = Debug|Any CPU
		{0CF3FBDA-7502-4CEC-9FCC-5F21136DFF53}.Debug|x64.ActiveCfg = Debug|Any CPU
		{0CF3FBDA-7502-4CEC-9FCC-5F21136DFF53}.Debug|x64.Build.0 = Debug|Any CPU
		{0CF3FBDA-7502-4CEC-9FCC-5F21136DFF53}.Debug|x86.ActiveCfg = Debug|Any CPU
		{0CF3FBDA-7502-4CEC-9FCC-5F21136DFF53}.Debug|x86.Build.0 = Debug|Any CPU
		{0CF3FBDA-7502-4CEC-9FCC-5F21136DFF53}.Release|Any CPU.ActiveCfg = Release|Any CPU
		{0CF3FBDA-7502-4CEC-9FCC-5F21136DFF53}.Release|Any CPU.Build.0 = Release|Any CPU
		{0CF3FBDA-7502-4CEC-9FCC-5F21136DFF53}.Release|x64.ActiveCfg = Release|Any CPU
		{0CF3FBDA-7502-4CEC-9FCC-5F21136DFF53}.Release|x64.Build.0 = Release|Any CPU
		{0CF3FBDA-7502-4CEC-9FCC-5F21136DFF53}.Release|x86.ActiveCfg = Release|Any CPU
		{0CF3FBDA-7502-4CEC-9FCC-5F21136DFF53}.Release|x86.Build.0 = Release|Any CPU
		{8D079283-ED24-4D9E-A329-0DC1DC6ED963}.Debug|Any CPU.ActiveCfg = Debug|Any CPU
		{8D079283-ED24-4D9E-A329-0DC1DC6ED963}.Debug|Any CPU.Build.0 = Debug|Any CPU
		{8D079283-ED24-4D9E-A329-0DC1DC6ED963}.Debug|x64.ActiveCfg = Debug|Any CPU
		{8D079283-ED24-4D9E-A329-0DC1DC6ED963}.Debug|x64.Build.0 = Debug|Any CPU
		{8D079283-ED24-4D9E-A329-0DC1DC6ED963}.Debug|x86.ActiveCfg = Debug|Any CPU
		{8D079283-ED24-4D9E-A329-0DC1DC6ED963}.Debug|x86.Build.0 = Debug|Any CPU
		{8D079283-ED24-4D9E-A329-0DC1DC6ED963}.Release|Any CPU.ActiveCfg = Release|Any CPU
		{8D079283-ED24-4D9E-A329-0DC1DC6ED963}.Release|Any CPU.Build.0 = Release|Any CPU
		{8D079283-ED24-4D9E-A329-0DC1DC6ED963}.Release|x64.ActiveCfg = Release|Any CPU
		{8D079283-ED24-4D9E-A329-0DC1DC6ED963}.Release|x64.Build.0 = Release|Any CPU
		{8D079283-ED24-4D9E-A329-0DC1DC6ED963}.Release|x86.ActiveCfg = Release|Any CPU
		{8D079283-ED24-4D9E-A329-0DC1DC6ED963}.Release|x86.Build.0 = Release|Any CPU
		{4819F3DA-F77E-4637-B731-E227DC7ABCC5}.Debug|Any CPU.ActiveCfg = Debug|Any CPU
		{4819F3DA-F77E-4637-B731-E227DC7ABCC5}.Debug|Any CPU.Build.0 = Debug|Any CPU
		{4819F3DA-F77E-4637-B731-E227DC7ABCC5}.Debug|x64.ActiveCfg = Debug|Any CPU
		{4819F3DA-F77E-4637-B731-E227DC7ABCC5}.Debug|x64.Build.0 = Debug|Any CPU
		{4819F3DA-F77E-4637-B731-E227DC7ABCC5}.Debug|x86.ActiveCfg = Debug|Any CPU
		{4819F3DA-F77E-4637-B731-E227DC7ABCC5}.Debug|x86.Build.0 = Debug|Any CPU
		{4819F3DA-F77E-4637-B731-E227DC7ABCC5}.Release|Any CPU.ActiveCfg = Release|Any CPU
		{4819F3DA-F77E-4637-B731-E227DC7ABCC5}.Release|Any CPU.Build.0 = Release|Any CPU
		{4819F3DA-F77E-4637-B731-E227DC7ABCC5}.Release|x64.ActiveCfg = Release|Any CPU
		{4819F3DA-F77E-4637-B731-E227DC7ABCC5}.Release|x64.Build.0 = Release|Any CPU
		{4819F3DA-F77E-4637-B731-E227DC7ABCC5}.Release|x86.ActiveCfg = Release|Any CPU
		{4819F3DA-F77E-4637-B731-E227DC7ABCC5}.Release|x86.Build.0 = Release|Any CPU
		{0CA06B8D-1F8A-43AC-8D84-9EC1396DCBE9}.Debug|Any CPU.ActiveCfg = Debug|Any CPU
		{0CA06B8D-1F8A-43AC-8D84-9EC1396DCBE9}.Debug|Any CPU.Build.0 = Debug|Any CPU
		{0CA06B8D-1F8A-43AC-8D84-9EC1396DCBE9}.Debug|x64.ActiveCfg = Debug|Any CPU
		{0CA06B8D-1F8A-43AC-8D84-9EC1396DCBE9}.Debug|x64.Build.0 = Debug|Any CPU
		{0CA06B8D-1F8A-43AC-8D84-9EC1396DCBE9}.Debug|x86.ActiveCfg = Debug|Any CPU
		{0CA06B8D-1F8A-43AC-8D84-9EC1396DCBE9}.Debug|x86.Build.0 = Debug|Any CPU
		{0CA06B8D-1F8A-43AC-8D84-9EC1396DCBE9}.Release|Any CPU.ActiveCfg = Release|Any CPU
		{0CA06B8D-1F8A-43AC-8D84-9EC1396DCBE9}.Release|Any CPU.Build.0 = Release|Any CPU
		{0CA06B8D-1F8A-43AC-8D84-9EC1396DCBE9}.Release|x64.ActiveCfg = Release|Any CPU
		{0CA06B8D-1F8A-43AC-8D84-9EC1396DCBE9}.Release|x64.Build.0 = Release|Any CPU
		{0CA06B8D-1F8A-43AC-8D84-9EC1396DCBE9}.Release|x86.ActiveCfg = Release|Any CPU
		{0CA06B8D-1F8A-43AC-8D84-9EC1396DCBE9}.Release|x86.Build.0 = Release|Any CPU
		{305C76A5-0E32-4069-A448-76005FE6CCA0}.Debug|Any CPU.ActiveCfg = Debug|Any CPU
		{305C76A5-0E32-4069-A448-76005FE6CCA0}.Debug|Any CPU.Build.0 = Debug|Any CPU
		{305C76A5-0E32-4069-A448-76005FE6CCA0}.Debug|x64.ActiveCfg = Debug|Any CPU
		{305C76A5-0E32-4069-A448-76005FE6CCA0}.Debug|x64.Build.0 = Debug|Any CPU
		{305C76A5-0E32-4069-A448-76005FE6CCA0}.Debug|x86.ActiveCfg = Debug|Any CPU
		{305C76A5-0E32-4069-A448-76005FE6CCA0}.Debug|x86.Build.0 = Debug|Any CPU
		{305C76A5-0E32-4069-A448-76005FE6CCA0}.Release|Any CPU.ActiveCfg = Release|Any CPU
		{305C76A5-0E32-4069-A448-76005FE6CCA0}.Release|Any CPU.Build.0 = Release|Any CPU
		{305C76A5-0E32-4069-A448-76005FE6CCA0}.Release|x64.ActiveCfg = Release|Any CPU
		{305C76A5-0E32-4069-A448-76005FE6CCA0}.Release|x64.Build.0 = Release|Any CPU
		{305C76A5-0E32-4069-A448-76005FE6CCA0}.Release|x86.ActiveCfg = Release|Any CPU
		{305C76A5-0E32-4069-A448-76005FE6CCA0}.Release|x86.Build.0 = Release|Any CPU
		{A4B2121A-CA64-4DCB-8BB8-48E374B8531B}.Debug|Any CPU.ActiveCfg = Debug|Any CPU
		{A4B2121A-CA64-4DCB-8BB8-48E374B8531B}.Debug|Any CPU.Build.0 = Debug|Any CPU
		{A4B2121A-CA64-4DCB-8BB8-48E374B8531B}.Debug|x64.ActiveCfg = Debug|Any CPU
		{A4B2121A-CA64-4DCB-8BB8-48E374B8531B}.Debug|x64.Build.0 = Debug|Any CPU
		{A4B2121A-CA64-4DCB-8BB8-48E374B8531B}.Debug|x86.ActiveCfg = Debug|Any CPU
		{A4B2121A-CA64-4DCB-8BB8-48E374B8531B}.Debug|x86.Build.0 = Debug|Any CPU
		{A4B2121A-CA64-4DCB-8BB8-48E374B8531B}.Release|Any CPU.ActiveCfg = Release|Any CPU
		{A4B2121A-CA64-4DCB-8BB8-48E374B8531B}.Release|Any CPU.Build.0 = Release|Any CPU
		{A4B2121A-CA64-4DCB-8BB8-48E374B8531B}.Release|x64.ActiveCfg = Release|Any CPU
		{A4B2121A-CA64-4DCB-8BB8-48E374B8531B}.Release|x64.Build.0 = Release|Any CPU
		{A4B2121A-CA64-4DCB-8BB8-48E374B8531B}.Release|x86.ActiveCfg = Release|Any CPU
		{A4B2121A-CA64-4DCB-8BB8-48E374B8531B}.Release|x86.Build.0 = Release|Any CPU
		{85FA425E-9706-4443-B46C-8D91C5A6A710}.Debug|Any CPU.ActiveCfg = Debug|Any CPU
		{85FA425E-9706-4443-B46C-8D91C5A6A710}.Debug|Any CPU.Build.0 = Debug|Any CPU
		{85FA425E-9706-4443-B46C-8D91C5A6A710}.Debug|x64.ActiveCfg = Debug|Any CPU
		{85FA425E-9706-4443-B46C-8D91C5A6A710}.Debug|x64.Build.0 = Debug|Any CPU
		{85FA425E-9706-4443-B46C-8D91C5A6A710}.Debug|x86.ActiveCfg = Debug|Any CPU
		{85FA425E-9706-4443-B46C-8D91C5A6A710}.Debug|x86.Build.0 = Debug|Any CPU
		{85FA425E-9706-4443-B46C-8D91C5A6A710}.Release|Any CPU.ActiveCfg = Release|Any CPU
		{85FA425E-9706-4443-B46C-8D91C5A6A710}.Release|Any CPU.Build.0 = Release|Any CPU
		{85FA425E-9706-4443-B46C-8D91C5A6A710}.Release|x64.ActiveCfg = Release|Any CPU
		{85FA425E-9706-4443-B46C-8D91C5A6A710}.Release|x64.Build.0 = Release|Any CPU
		{85FA425E-9706-4443-B46C-8D91C5A6A710}.Release|x86.ActiveCfg = Release|Any CPU
		{85FA425E-9706-4443-B46C-8D91C5A6A710}.Release|x86.Build.0 = Release|Any CPU
		{6061D074-69B2-45BA-8B1E-2082023553B6}.Debug|Any CPU.ActiveCfg = Debug|Any CPU
		{6061D074-69B2-45BA-8B1E-2082023553B6}.Debug|Any CPU.Build.0 = Debug|Any CPU
		{6061D074-69B2-45BA-8B1E-2082023553B6}.Debug|x64.ActiveCfg = Debug|Any CPU
		{6061D074-69B2-45BA-8B1E-2082023553B6}.Debug|x64.Build.0 = Debug|Any CPU
		{6061D074-69B2-45BA-8B1E-2082023553B6}.Debug|x86.ActiveCfg = Debug|Any CPU
		{6061D074-69B2-45BA-8B1E-2082023553B6}.Debug|x86.Build.0 = Debug|Any CPU
		{6061D074-69B2-45BA-8B1E-2082023553B6}.Release|Any CPU.ActiveCfg = Release|Any CPU
		{6061D074-69B2-45BA-8B1E-2082023553B6}.Release|Any CPU.Build.0 = Release|Any CPU
		{6061D074-69B2-45BA-8B1E-2082023553B6}.Release|x64.ActiveCfg = Release|Any CPU
		{6061D074-69B2-45BA-8B1E-2082023553B6}.Release|x64.Build.0 = Release|Any CPU
		{6061D074-69B2-45BA-8B1E-2082023553B6}.Release|x86.ActiveCfg = Release|Any CPU
		{6061D074-69B2-45BA-8B1E-2082023553B6}.Release|x86.Build.0 = Release|Any CPU
		{2840480B-E0E6-4D3C-8B8B-E96374A891DF}.Debug|Any CPU.ActiveCfg = Debug|Any CPU
		{2840480B-E0E6-4D3C-8B8B-E96374A891DF}.Debug|Any CPU.Build.0 = Debug|Any CPU
		{2840480B-E0E6-4D3C-8B8B-E96374A891DF}.Debug|x64.ActiveCfg = Debug|Any CPU
		{2840480B-E0E6-4D3C-8B8B-E96374A891DF}.Debug|x64.Build.0 = Debug|Any CPU
		{2840480B-E0E6-4D3C-8B8B-E96374A891DF}.Debug|x86.ActiveCfg = Debug|Any CPU
		{2840480B-E0E6-4D3C-8B8B-E96374A891DF}.Debug|x86.Build.0 = Debug|Any CPU
		{2840480B-E0E6-4D3C-8B8B-E96374A891DF}.Release|Any CPU.ActiveCfg = Release|Any CPU
		{2840480B-E0E6-4D3C-8B8B-E96374A891DF}.Release|Any CPU.Build.0 = Release|Any CPU
		{2840480B-E0E6-4D3C-8B8B-E96374A891DF}.Release|x64.ActiveCfg = Release|Any CPU
		{2840480B-E0E6-4D3C-8B8B-E96374A891DF}.Release|x64.Build.0 = Release|Any CPU
		{2840480B-E0E6-4D3C-8B8B-E96374A891DF}.Release|x86.ActiveCfg = Release|Any CPU
		{2840480B-E0E6-4D3C-8B8B-E96374A891DF}.Release|x86.Build.0 = Release|Any CPU
		{0A402FFD-DE08-4BF6-AA53-8271D04F4CE4}.Debug|Any CPU.ActiveCfg = Debug|Any CPU
		{0A402FFD-DE08-4BF6-AA53-8271D04F4CE4}.Debug|Any CPU.Build.0 = Debug|Any CPU
		{0A402FFD-DE08-4BF6-AA53-8271D04F4CE4}.Debug|x64.ActiveCfg = Debug|Any CPU
		{0A402FFD-DE08-4BF6-AA53-8271D04F4CE4}.Debug|x64.Build.0 = Debug|Any CPU
		{0A402FFD-DE08-4BF6-AA53-8271D04F4CE4}.Debug|x86.ActiveCfg = Debug|Any CPU
		{0A402FFD-DE08-4BF6-AA53-8271D04F4CE4}.Debug|x86.Build.0 = Debug|Any CPU
		{0A402FFD-DE08-4BF6-AA53-8271D04F4CE4}.Release|Any CPU.ActiveCfg = Release|Any CPU
		{0A402FFD-DE08-4BF6-AA53-8271D04F4CE4}.Release|Any CPU.Build.0 = Release|Any CPU
		{0A402FFD-DE08-4BF6-AA53-8271D04F4CE4}.Release|x64.ActiveCfg = Release|Any CPU
		{0A402FFD-DE08-4BF6-AA53-8271D04F4CE4}.Release|x64.Build.0 = Release|Any CPU
		{0A402FFD-DE08-4BF6-AA53-8271D04F4CE4}.Release|x86.ActiveCfg = Release|Any CPU
		{0A402FFD-DE08-4BF6-AA53-8271D04F4CE4}.Release|x86.Build.0 = Release|Any CPU
		{641A1150-B185-4F65-A9A6-1B03CB7A416C}.Debug|Any CPU.ActiveCfg = Debug|Any CPU
		{641A1150-B185-4F65-A9A6-1B03CB7A416C}.Debug|Any CPU.Build.0 = Debug|Any CPU
		{641A1150-B185-4F65-A9A6-1B03CB7A416C}.Debug|x64.ActiveCfg = Debug|Any CPU
		{641A1150-B185-4F65-A9A6-1B03CB7A416C}.Debug|x64.Build.0 = Debug|Any CPU
		{641A1150-B185-4F65-A9A6-1B03CB7A416C}.Debug|x86.ActiveCfg = Debug|Any CPU
		{641A1150-B185-4F65-A9A6-1B03CB7A416C}.Debug|x86.Build.0 = Debug|Any CPU
		{641A1150-B185-4F65-A9A6-1B03CB7A416C}.Release|Any CPU.ActiveCfg = Release|Any CPU
		{641A1150-B185-4F65-A9A6-1B03CB7A416C}.Release|Any CPU.Build.0 = Release|Any CPU
		{641A1150-B185-4F65-A9A6-1B03CB7A416C}.Release|x64.ActiveCfg = Release|Any CPU
		{641A1150-B185-4F65-A9A6-1B03CB7A416C}.Release|x64.Build.0 = Release|Any CPU
		{641A1150-B185-4F65-A9A6-1B03CB7A416C}.Release|x86.ActiveCfg = Release|Any CPU
		{641A1150-B185-4F65-A9A6-1B03CB7A416C}.Release|x86.Build.0 = Release|Any CPU
		{246449BA-756B-416C-8FB8-840AAAB552A8}.Debug|Any CPU.ActiveCfg = Debug|Any CPU
		{246449BA-756B-416C-8FB8-840AAAB552A8}.Debug|Any CPU.Build.0 = Debug|Any CPU
		{246449BA-756B-416C-8FB8-840AAAB552A8}.Debug|x64.ActiveCfg = Debug|Any CPU
		{246449BA-756B-416C-8FB8-840AAAB552A8}.Debug|x64.Build.0 = Debug|Any CPU
		{246449BA-756B-416C-8FB8-840AAAB552A8}.Debug|x86.ActiveCfg = Debug|Any CPU
		{246449BA-756B-416C-8FB8-840AAAB552A8}.Debug|x86.Build.0 = Debug|Any CPU
		{246449BA-756B-416C-8FB8-840AAAB552A8}.Release|Any CPU.ActiveCfg = Release|Any CPU
		{246449BA-756B-416C-8FB8-840AAAB552A8}.Release|Any CPU.Build.0 = Release|Any CPU
		{246449BA-756B-416C-8FB8-840AAAB552A8}.Release|x64.ActiveCfg = Release|Any CPU
		{246449BA-756B-416C-8FB8-840AAAB552A8}.Release|x64.Build.0 = Release|Any CPU
		{246449BA-756B-416C-8FB8-840AAAB552A8}.Release|x86.ActiveCfg = Release|Any CPU
		{246449BA-756B-416C-8FB8-840AAAB552A8}.Release|x86.Build.0 = Release|Any CPU
		{C31EC588-342D-4666-B718-122A1EA1B3CC}.Debug|Any CPU.ActiveCfg = Debug|Any CPU
		{C31EC588-342D-4666-B718-122A1EA1B3CC}.Debug|Any CPU.Build.0 = Debug|Any CPU
		{C31EC588-342D-4666-B718-122A1EA1B3CC}.Debug|x64.ActiveCfg = Debug|Any CPU
		{C31EC588-342D-4666-B718-122A1EA1B3CC}.Debug|x64.Build.0 = Debug|Any CPU
		{C31EC588-342D-4666-B718-122A1EA1B3CC}.Debug|x86.ActiveCfg = Debug|Any CPU
		{C31EC588-342D-4666-B718-122A1EA1B3CC}.Debug|x86.Build.0 = Debug|Any CPU
		{C31EC588-342D-4666-B718-122A1EA1B3CC}.Release|Any CPU.ActiveCfg = Release|Any CPU
		{C31EC588-342D-4666-B718-122A1EA1B3CC}.Release|Any CPU.Build.0 = Release|Any CPU
		{C31EC588-342D-4666-B718-122A1EA1B3CC}.Release|x64.ActiveCfg = Release|Any CPU
		{C31EC588-342D-4666-B718-122A1EA1B3CC}.Release|x64.Build.0 = Release|Any CPU
		{C31EC588-342D-4666-B718-122A1EA1B3CC}.Release|x86.ActiveCfg = Release|Any CPU
		{C31EC588-342D-4666-B718-122A1EA1B3CC}.Release|x86.Build.0 = Release|Any CPU
		{04B8FC8D-A38B-4F44-9A61-F45BD2EB0F5D}.Debug|Any CPU.ActiveCfg = Debug|Any CPU
		{04B8FC8D-A38B-4F44-9A61-F45BD2EB0F5D}.Debug|Any CPU.Build.0 = Debug|Any CPU
		{04B8FC8D-A38B-4F44-9A61-F45BD2EB0F5D}.Debug|x64.ActiveCfg = Debug|Any CPU
		{04B8FC8D-A38B-4F44-9A61-F45BD2EB0F5D}.Debug|x64.Build.0 = Debug|Any CPU
		{04B8FC8D-A38B-4F44-9A61-F45BD2EB0F5D}.Debug|x86.ActiveCfg = Debug|Any CPU
		{04B8FC8D-A38B-4F44-9A61-F45BD2EB0F5D}.Debug|x86.Build.0 = Debug|Any CPU
		{04B8FC8D-A38B-4F44-9A61-F45BD2EB0F5D}.Release|Any CPU.ActiveCfg = Release|Any CPU
		{04B8FC8D-A38B-4F44-9A61-F45BD2EB0F5D}.Release|Any CPU.Build.0 = Release|Any CPU
		{04B8FC8D-A38B-4F44-9A61-F45BD2EB0F5D}.Release|x64.ActiveCfg = Release|Any CPU
		{04B8FC8D-A38B-4F44-9A61-F45BD2EB0F5D}.Release|x64.Build.0 = Release|Any CPU
		{04B8FC8D-A38B-4F44-9A61-F45BD2EB0F5D}.Release|x86.ActiveCfg = Release|Any CPU
		{04B8FC8D-A38B-4F44-9A61-F45BD2EB0F5D}.Release|x86.Build.0 = Release|Any CPU
		{30EDDF21-3A30-4ED0-AE09-48E2BB746DF5}.Debug|Any CPU.ActiveCfg = Debug|Any CPU
		{30EDDF21-3A30-4ED0-AE09-48E2BB746DF5}.Debug|Any CPU.Build.0 = Debug|Any CPU
		{30EDDF21-3A30-4ED0-AE09-48E2BB746DF5}.Debug|x64.ActiveCfg = Debug|Any CPU
		{30EDDF21-3A30-4ED0-AE09-48E2BB746DF5}.Debug|x64.Build.0 = Debug|Any CPU
		{30EDDF21-3A30-4ED0-AE09-48E2BB746DF5}.Debug|x86.ActiveCfg = Debug|Any CPU
		{30EDDF21-3A30-4ED0-AE09-48E2BB746DF5}.Debug|x86.Build.0 = Debug|Any CPU
		{30EDDF21-3A30-4ED0-AE09-48E2BB746DF5}.Release|Any CPU.ActiveCfg = Release|Any CPU
		{30EDDF21-3A30-4ED0-AE09-48E2BB746DF5}.Release|Any CPU.Build.0 = Release|Any CPU
		{30EDDF21-3A30-4ED0-AE09-48E2BB746DF5}.Release|x64.ActiveCfg = Release|Any CPU
		{30EDDF21-3A30-4ED0-AE09-48E2BB746DF5}.Release|x64.Build.0 = Release|Any CPU
		{30EDDF21-3A30-4ED0-AE09-48E2BB746DF5}.Release|x86.ActiveCfg = Release|Any CPU
		{30EDDF21-3A30-4ED0-AE09-48E2BB746DF5}.Release|x86.Build.0 = Release|Any CPU
		{40B2F979-4EE6-4F3C-A021-CD4627F8F0E4}.Debug|Any CPU.ActiveCfg = Debug|Any CPU
		{40B2F979-4EE6-4F3C-A021-CD4627F8F0E4}.Debug|Any CPU.Build.0 = Debug|Any CPU
		{40B2F979-4EE6-4F3C-A021-CD4627F8F0E4}.Debug|x64.ActiveCfg = Debug|Any CPU
		{40B2F979-4EE6-4F3C-A021-CD4627F8F0E4}.Debug|x64.Build.0 = Debug|Any CPU
		{40B2F979-4EE6-4F3C-A021-CD4627F8F0E4}.Debug|x86.ActiveCfg = Debug|Any CPU
		{40B2F979-4EE6-4F3C-A021-CD4627F8F0E4}.Debug|x86.Build.0 = Debug|Any CPU
		{40B2F979-4EE6-4F3C-A021-CD4627F8F0E4}.Release|Any CPU.ActiveCfg = Release|Any CPU
		{40B2F979-4EE6-4F3C-A021-CD4627F8F0E4}.Release|Any CPU.Build.0 = Release|Any CPU
		{40B2F979-4EE6-4F3C-A021-CD4627F8F0E4}.Release|x64.ActiveCfg = Release|Any CPU
		{40B2F979-4EE6-4F3C-A021-CD4627F8F0E4}.Release|x64.Build.0 = Release|Any CPU
		{40B2F979-4EE6-4F3C-A021-CD4627F8F0E4}.Release|x86.ActiveCfg = Release|Any CPU
		{40B2F979-4EE6-4F3C-A021-CD4627F8F0E4}.Release|x86.Build.0 = Release|Any CPU
		{12FE7E01-95C2-4ED9-B8DB-4CE327AE91EB}.Debug|Any CPU.ActiveCfg = Debug|Any CPU
		{12FE7E01-95C2-4ED9-B8DB-4CE327AE91EB}.Debug|Any CPU.Build.0 = Debug|Any CPU
		{12FE7E01-95C2-4ED9-B8DB-4CE327AE91EB}.Debug|x64.ActiveCfg = Debug|Any CPU
		{12FE7E01-95C2-4ED9-B8DB-4CE327AE91EB}.Debug|x64.Build.0 = Debug|Any CPU
		{12FE7E01-95C2-4ED9-B8DB-4CE327AE91EB}.Debug|x86.ActiveCfg = Debug|Any CPU
		{12FE7E01-95C2-4ED9-B8DB-4CE327AE91EB}.Debug|x86.Build.0 = Debug|Any CPU
		{12FE7E01-95C2-4ED9-B8DB-4CE327AE91EB}.Release|Any CPU.ActiveCfg = Release|Any CPU
		{12FE7E01-95C2-4ED9-B8DB-4CE327AE91EB}.Release|Any CPU.Build.0 = Release|Any CPU
		{12FE7E01-95C2-4ED9-B8DB-4CE327AE91EB}.Release|x64.ActiveCfg = Release|Any CPU
		{12FE7E01-95C2-4ED9-B8DB-4CE327AE91EB}.Release|x64.Build.0 = Release|Any CPU
		{12FE7E01-95C2-4ED9-B8DB-4CE327AE91EB}.Release|x86.ActiveCfg = Release|Any CPU
		{12FE7E01-95C2-4ED9-B8DB-4CE327AE91EB}.Release|x86.Build.0 = Release|Any CPU
	EndGlobalSection
	GlobalSection(SolutionProperties) = preSolution
		HideSolutionNode = FALSE
	EndGlobalSection
	GlobalSection(NestedProjects) = preSolution
		{0297AA78-AD6E-4312-9B1C-D2C38514AAD3} = {4190514E-D723-42D9-838F-BE792837A049}
		{64A56501-6CF3-45AD-B87B-F899681D45D1} = {0297AA78-AD6E-4312-9B1C-D2C38514AAD3}
		{58E2F426-FFEC-4E42-96DE-F08DD0ED045C} = {4190514E-D723-42D9-838F-BE792837A049}
		{45F40563-B4A8-4B0B-BE33-7B8ECB580035} = {58E2F426-FFEC-4E42-96DE-F08DD0ED045C}
		{4E7D088F-3138-45BE-BBD1-45A53239C8F8} = {58E2F426-FFEC-4E42-96DE-F08DD0ED045C}
		{C1B62697-CC5B-4CFF-840C-B5099F8C887F} = {58E2F426-FFEC-4E42-96DE-F08DD0ED045C}
		{D6A4459D-A1C6-4767-8DCE-D7CD0DF24799} = {58E2F426-FFEC-4E42-96DE-F08DD0ED045C}
		{CB7BADA8-AC8A-4573-AD49-58F352BC561B} = {58E2F426-FFEC-4E42-96DE-F08DD0ED045C}
		{04C78096-BABF-42E0-BEE4-4E5C23FD441D} = {4190514E-D723-42D9-838F-BE792837A049}
		{6BE9C16F-8988-4E70-ABD8-954BF85F4A0C} = {04C78096-BABF-42E0-BEE4-4E5C23FD441D}
		{6474DC1F-1EA9-4ABB-B55D-B7679B4FB483} = {04C78096-BABF-42E0-BEE4-4E5C23FD441D}
		{BD74E6A6-D9FE-419D-AE18-D320C9424F73} = {4190514E-D723-42D9-838F-BE792837A049}
		{0CF3FBDA-7502-4CEC-9FCC-5F21136DFF53} = {BD74E6A6-D9FE-419D-AE18-D320C9424F73}
		{8D079283-ED24-4D9E-A329-0DC1DC6ED963} = {BD74E6A6-D9FE-419D-AE18-D320C9424F73}
		{4819F3DA-F77E-4637-B731-E227DC7ABCC5} = {BD74E6A6-D9FE-419D-AE18-D320C9424F73}
		{0CA06B8D-1F8A-43AC-8D84-9EC1396DCBE9} = {BD74E6A6-D9FE-419D-AE18-D320C9424F73}
		{305C76A5-0E32-4069-A448-76005FE6CCA0} = {BD74E6A6-D9FE-419D-AE18-D320C9424F73}
		{7D23584D-6FD7-43B7-89C3-80822A77F6AA} = {BD74E6A6-D9FE-419D-AE18-D320C9424F73}
		{A4B2121A-CA64-4DCB-8BB8-48E374B8531B} = {7D23584D-6FD7-43B7-89C3-80822A77F6AA}
		{8EA63678-EFAA-40BF-A178-F6C93C8DD980} = {4190514E-D723-42D9-838F-BE792837A049}
		{85FA425E-9706-4443-B46C-8D91C5A6A710} = {8EA63678-EFAA-40BF-A178-F6C93C8DD980}
		{6061D074-69B2-45BA-8B1E-2082023553B6} = {8EA63678-EFAA-40BF-A178-F6C93C8DD980}
		{2840480B-E0E6-4D3C-8B8B-E96374A891DF} = {8EA63678-EFAA-40BF-A178-F6C93C8DD980}
		{0A402FFD-DE08-4BF6-AA53-8271D04F4CE4} = {8EA63678-EFAA-40BF-A178-F6C93C8DD980}
		{641A1150-B185-4F65-A9A6-1B03CB7A416C} = {8EA63678-EFAA-40BF-A178-F6C93C8DD980}
		{246449BA-756B-416C-8FB8-840AAAB552A8} = {8EA63678-EFAA-40BF-A178-F6C93C8DD980}
		{C31EC588-342D-4666-B718-122A1EA1B3CC} = {8EA63678-EFAA-40BF-A178-F6C93C8DD980}
		{0D018579-F91D-4F1A-BD95-D9A5C595E456} = {8EA63678-EFAA-40BF-A178-F6C93C8DD980}
		{04B8FC8D-A38B-4F44-9A61-F45BD2EB0F5D} = {0D018579-F91D-4F1A-BD95-D9A5C595E456}
		{30EDDF21-3A30-4ED0-AE09-48E2BB746DF5} = {0D018579-F91D-4F1A-BD95-D9A5C595E456}
		{40B2F979-4EE6-4F3C-A021-CD4627F8F0E4} = {0D018579-F91D-4F1A-BD95-D9A5C595E456}
		{12FE7E01-95C2-4ED9-B8DB-4CE327AE91EB} = {CB7BADA8-AC8A-4573-AD49-58F352BC561B}
	EndGlobalSection
	GlobalSection(ExtensibilityGlobals) = postSolution
		SolutionGuid = {E0319871-913F-44F6-A5B0-C4AE9F7A9B74}
	EndGlobalSection
EndGlobal
